{
  "name": "hs-client",
  "version": "0.0.11",
  "lockfileVersion": 2,
  "requires": true,
  "packages": {
    "": {
      "name": "hs-client",
      "version": "0.0.11",
      "license": "MIT",
      "dependencies": {
        "bcfg": "~0.1.7",
        "bcurl": "~0.2.0",
        "bsert": "~0.0.10"
      },
      "bin": {
        "hsd-cli": "bin/hsd-cli",
        "hsd-rpc": "bin/hsd-rpc",
        "hsw-cli": "bin/hsw-cli",
        "hsw-rpc": "bin/hsw-rpc"
      },
      "devDependencies": {
        "bmocha": "^2.1.5"
      },
      "engines": {
        "node": ">=8.0.0"
      }
    },
    "node_modules/bcfg": {
      "version": "0.1.7",
      "resolved": "https://registry.npmjs.org/bcfg/-/bcfg-0.1.7.tgz",
      "integrity": "sha512-+4beq5bXwfmxdcEoHYQsaXawh1qFzjLcRvPe5k5ww/NEWzZTm56Jk8LuPmfeGB7X584jZ8xGq6UgMaZnNDa5Ww==",
      "dependencies": {
        "bsert": "~0.0.10"
      },
      "engines": {
        "node": ">=8.0.0"
      }
    },
    "node_modules/bcurl": {
      "version": "0.2.0",
      "resolved": "https://registry.npmjs.org/bcurl/-/bcurl-0.2.0.tgz",
      "integrity": "sha512-uBWc/w3AqjAfo6/+ODoRSoY/w/C7UaU/9AYcXjxgObTyUf3lvV5jCuAU/dSZyWysDyWBQkPzllOd7KZkwJHnwg==",
      "dependencies": {
        "brq": "~0.1.8",
        "bsert": "~0.0.10",
        "bsock": "~0.1.9"
      },
      "engines": {
        "node": ">=8.0.0"
      }
    },
    "node_modules/bmocha": {
      "version": "2.1.6",
      "resolved": "https://registry.npmjs.org/bmocha/-/bmocha-2.1.6.tgz",
      "integrity": "sha512-k4+qrIfKOoTSmAczgMtVF3DuKZ81FL7tzOX4W3el3mpTnSgZj+GTTh9Oij6aXJ5q8I9zpBys/q/Xt1LnRfuzlA==",
      "dev": true,
      "bin": {
        "_bmocha": "bin/_bmocha",
        "bmocha": "bin/bmocha"
      },
      "engines": {
        "node": ">=8.0.0"
      }
    },
    "node_modules/brq": {
      "version": "0.1.8",
      "resolved": "https://registry.npmjs.org/brq/-/brq-0.1.8.tgz",
      "integrity": "sha512-6SDY1lJMKXgt5TZ6voJQMH2zV1XPWWtm203PSkx3DSg9AYNYuRfOPFSBDkNemabzgpzFW9/neR4YhTvyJml8rQ==",
      "dependencies": {
        "bsert": "~0.0.10"
      },
      "engines": {
        "node": ">=8.0.0"
      }
    },
    "node_modules/bsert": {
      "version": "0.0.10",
      "resolved": "https://registry.npmjs.org/bsert/-/bsert-0.0.10.tgz",
      "integrity": "sha512-NHNwlac+WPy4t2LoNh8pXk8uaIGH3NSaIUbTTRXGpE2WEbq0te/tDykYHkFK57YKLPjv/aGHmbqvnGeVWDz57Q==",
      "engines": {
        "node": ">=8.0.0"
      }
    },
    "node_modules/bsock": {
      "version": "0.1.9",
      "resolved": "https://registry.npmjs.org/bsock/-/bsock-0.1.9.tgz",
      "integrity": "sha512-/l9Kg/c5o+n/0AqreMxh2jpzDMl1ikl4gUxT7RFNe3A3YRIyZkiREhwcjmqxiymJSRI/Qhew357xGn1SLw/xEw==",
      "dependencies": {
        "bsert": "~0.0.10"
      },
      "engines": {
        "node": ">=8.0.0"
      }
    }
  },
  "dependencies": {
    "bcfg": {
      "version": "0.1.7",
      "resolved": "https://registry.npmjs.org/bcfg/-/bcfg-0.1.7.tgz",
      "integrity": "sha512-+4beq5bXwfmxdcEoHYQsaXawh1qFzjLcRvPe5k5ww/NEWzZTm56Jk8LuPmfeGB7X584jZ8xGq6UgMaZnNDa5Ww==",
      "requires": {
        "bsert": "~0.0.10"
      }
    },
    "bcurl": {
      "version": "0.2.0",
      "resolved": "https://registry.npmjs.org/bcurl/-/bcurl-0.2.0.tgz",
      "integrity": "sha512-uBWc/w3AqjAfo6/+ODoRSoY/w/C7UaU/9AYcXjxgObTyUf3lvV5jCuAU/dSZyWysDyWBQkPzllOd7KZkwJHnwg==",
      "requires": {
        "brq": "~0.1.8",
        "bsert": "~0.0.10",
        "bsock": "~0.1.9"
      }
    },
    "bmocha": {
      "version": "2.1.6",
      "resolved": "https://registry.npmjs.org/bmocha/-/bmocha-2.1.6.tgz",
      "integrity": "sha512-k4+qrIfKOoTSmAczgMtVF3DuKZ81FL7tzOX4W3el3mpTnSgZj+GTTh9Oij6aXJ5q8I9zpBys/q/Xt1LnRfuzlA==",
      "dev": true
    },
    "brq": {
      "version": "0.1.8",
      "resolved": "https://registry.npmjs.org/brq/-/brq-0.1.8.tgz",
      "integrity": "sha512-6SDY1lJMKXgt5TZ6voJQMH2zV1XPWWtm203PSkx3DSg9AYNYuRfOPFSBDkNemabzgpzFW9/neR4YhTvyJml8rQ==",
      "requires": {
        "bsert": "~0.0.10"
      }
    },
    "bsert": {
      "version": "0.0.10",
      "resolved": "https://registry.npmjs.org/bsert/-/bsert-0.0.10.tgz",
      "integrity": "sha512-NHNwlac+WPy4t2LoNh8pXk8uaIGH3NSaIUbTTRXGpE2WEbq0te/tDykYHkFK57YKLPjv/aGHmbqvnGeVWDz57Q=="
    },
    "bsock": {
      "version": "0.1.9",
      "resolved": "https://registry.npmjs.org/bsock/-/bsock-0.1.9.tgz",
      "integrity": "sha512-/l9Kg/c5o+n/0AqreMxh2jpzDMl1ikl4gUxT7RFNe3A3YRIyZkiREhwcjmqxiymJSRI/Qhew357xGn1SLw/xEw==",
      "requires": {
        "bsert": "~0.0.10"
      }
    }
  }
}
